// !$*UTF8*$!
{
	archiveVersion = 1;
	classes = {
	};
	objectVersion = 46;
	objects = {

/* Begin PBXBuildFile section */
		83711601429E37884BBB819D /* Pods_TwitterUITests.framework in Frameworks */ = {isa = PBXBuildFile; fileRef = C0EB287922B37C2348B2DAA3 /* Pods_TwitterUITests.framework */; };
		85AF57476564746262351C59 /* Pods_Twitter.framework in Frameworks */ = {isa = PBXBuildFile; fileRef = 6848A9B9D8ADD26A9436A508 /* Pods_Twitter.framework */; };
		948929AC97696A71045D3C93 /* Pods_TwitterTests.framework in Frameworks */ = {isa = PBXBuildFile; fileRef = 7E9F217B8A9A2598DB55F4FA /* Pods_TwitterTests.framework */; };
		BB472CF7214480AA00F32AED /* Alamofire.framework in Frameworks */ = {isa = PBXBuildFile; fileRef = BB472CF6214480AA00F32AED /* Alamofire.framework */; };
		BB472CF9214480AE00F32AED /* OAuthSwift.framework in Frameworks */ = {isa = PBXBuildFile; fileRef = BB472CF8214480AE00F32AED /* OAuthSwift.framework */; };
		BB472CFB214480B300F32AED /* OAuthSwiftAlamofire.framework in Frameworks */ = {isa = PBXBuildFile; fileRef = BB472CFA214480B300F32AED /* OAuthSwiftAlamofire.framework */; };
		BB472CFD214480B700F32AED /* KeychainAccess.framework in Frameworks */ = {isa = PBXBuildFile; fileRef = BB472CFC214480B700F32AED /* KeychainAccess.framework */; };
		BB7A41EC214ED6E7009583AB /* ComposeViewController.swift in Sources */ = {isa = PBXBuildFile; fileRef = BB7A41EB214ED6E7009583AB /* ComposeViewController.swift */; };
		BB7A41EE214EFCF7009583AB /* DetailViewController.swift in Sources */ = {isa = PBXBuildFile; fileRef = BB7A41ED214EFCF7009583AB /* DetailViewController.swift */; };
		BBEC0143214DDEFB00EAB2B7 /* TweetCell.swift in Sources */ = {isa = PBXBuildFile; fileRef = BBEC0142214DDEFB00EAB2B7 /* TweetCell.swift */; };
		BBFDF5D82144766000D78BAF /* User.swift in Sources */ = {isa = PBXBuildFile; fileRef = BBFDF5D72144766000D78BAF /* User.swift */; };
		BBFDF5DA2144766700D78BAF /* Tweet.swift in Sources */ = {isa = PBXBuildFile; fileRef = BBFDF5D92144766600D78BAF /* Tweet.swift */; };
		BEBC8368211F4199003A5FE1 /* TimelineViewController.swift in Sources */ = {isa = PBXBuildFile; fileRef = BEBC8367211F4199003A5FE1 /* TimelineViewController.swift */; };
		ED1AFD311E942B2500FD4B90 /* AppDelegate.swift in Sources */ = {isa = PBXBuildFile; fileRef = ED1AFD301E942B2500FD4B90 /* AppDelegate.swift */; };
		ED1AFD361E942B2500FD4B90 /* Main.storyboard in Resources */ = {isa = PBXBuildFile; fileRef = ED1AFD341E942B2500FD4B90 /* Main.storyboard */; };
		ED1AFD381E942B2500FD4B90 /* Assets.xcassets in Resources */ = {isa = PBXBuildFile; fileRef = ED1AFD371E942B2500FD4B90 /* Assets.xcassets */; };
		ED1AFD3B1E942B2500FD4B90 /* LaunchScreen.storyboard in Resources */ = {isa = PBXBuildFile; fileRef = ED1AFD391E942B2500FD4B90 /* LaunchScreen.storyboard */; };
		ED1AFD461E942B2500FD4B90 /* TwitterTests.swift in Sources */ = {isa = PBXBuildFile; fileRef = ED1AFD451E942B2500FD4B90 /* TwitterTests.swift */; };
		ED1AFD511E942B2500FD4B90 /* TwitterUITests.swift in Sources */ = {isa = PBXBuildFile; fileRef = ED1AFD501E942B2500FD4B90 /* TwitterUITests.swift */; };
		ED1AFD5F1E94421000FD4B90 /* APIManager.swift in Sources */ = {isa = PBXBuildFile; fileRef = ED1AFD5E1E94421000FD4B90 /* APIManager.swift */; };
		ED1AFD611E94496E00FD4B90 /* LoginViewController.swift in Sources */ = {isa = PBXBuildFile; fileRef = ED1AFD601E94496E00FD4B90 /* LoginViewController.swift */; };
/* End PBXBuildFile section */

/* Begin PBXContainerItemProxy section */
		ED1AFD421E942B2500FD4B90 /* PBXContainerItemProxy */ = {
			isa = PBXContainerItemProxy;
			containerPortal = ED1AFD251E942B2500FD4B90 /* Project object */;
			proxyType = 1;
			remoteGlobalIDString = ED1AFD2C1E942B2500FD4B90;
			remoteInfo = twitter_alamofire_demo;
		};
		ED1AFD4D1E942B2500FD4B90 /* PBXContainerItemProxy */ = {
			isa = PBXContainerItemProxy;
			containerPortal = ED1AFD251E942B2500FD4B90 /* Project object */;
			proxyType = 1;
			remoteGlobalIDString = ED1AFD2C1E942B2500FD4B90;
			remoteInfo = twitter_alamofire_demo;
		};
/* End PBXContainerItemProxy section */

/* Begin PBXFileReference section */
		001F2EB27736B82E6AF0082B /* Twitter.framework */ = {isa = PBXFileReference; explicitFileType = wrapper.framework; includeInIndex = 0; path = Twitter.framework; sourceTree = BUILT_PRODUCTS_DIR; };
		0185AF71227FC76A6DC25135 /* Pods-TwitterUITests.release.xcconfig */ = {isa = PBXFileReference; includeInIndex = 1; lastKnownFileType = text.xcconfig; name = "Pods-TwitterUITests.release.xcconfig"; path = "Pods/Target Support Files/Pods-TwitterUITests/Pods-TwitterUITests.release.xcconfig"; sourceTree = "<group>"; };
		0FB0044E8612B9B5EE681FBB /* Pods-TwitterUITests.debug.xcconfig */ = {isa = PBXFileReference; includeInIndex = 1; lastKnownFileType = text.xcconfig; name = "Pods-TwitterUITests.debug.xcconfig"; path = "Pods/Target Support Files/Pods-TwitterUITests/Pods-TwitterUITests.debug.xcconfig"; sourceTree = "<group>"; };
		17140DA7EFEA6104FB169B9A /* Pods-TwitterTests.debug.xcconfig */ = {isa = PBXFileReference; includeInIndex = 1; lastKnownFileType = text.xcconfig; name = "Pods-TwitterTests.debug.xcconfig"; path = "Pods/Target Support Files/Pods-TwitterTests/Pods-TwitterTests.debug.xcconfig"; sourceTree = "<group>"; };
		6848A9B9D8ADD26A9436A508 /* Pods_Twitter.framework */ = {isa = PBXFileReference; explicitFileType = wrapper.framework; includeInIndex = 0; path = Pods_Twitter.framework; sourceTree = BUILT_PRODUCTS_DIR; };
		7E9F217B8A9A2598DB55F4FA /* Pods_TwitterTests.framework */ = {isa = PBXFileReference; explicitFileType = wrapper.framework; includeInIndex = 0; path = Pods_TwitterTests.framework; sourceTree = BUILT_PRODUCTS_DIR; };
		9F0B42283B1FC32888AC8701 /* Pods-Twitter.release.xcconfig */ = {isa = PBXFileReference; includeInIndex = 1; lastKnownFileType = text.xcconfig; name = "Pods-Twitter.release.xcconfig"; path = "Pods/Target Support Files/Pods-Twitter/Pods-Twitter.release.xcconfig"; sourceTree = "<group>"; };
		ABE6B61E7153DF6CCAAAC730 /* Pods-Twitter.debug.xcconfig */ = {isa = PBXFileReference; includeInIndex = 1; lastKnownFileType = text.xcconfig; name = "Pods-Twitter.debug.xcconfig"; path = "Pods/Target Support Files/Pods-Twitter/Pods-Twitter.debug.xcconfig"; sourceTree = "<group>"; };
		BB472CF6214480AA00F32AED /* Alamofire.framework */ = {isa = PBXFileReference; explicitFileType = wrapper.framework; path = Alamofire.framework; sourceTree = BUILT_PRODUCTS_DIR; };
		BB472CF8214480AE00F32AED /* OAuthSwift.framework */ = {isa = PBXFileReference; explicitFileType = wrapper.framework; path = OAuthSwift.framework; sourceTree = BUILT_PRODUCTS_DIR; };
		BB472CFA214480B300F32AED /* OAuthSwiftAlamofire.framework */ = {isa = PBXFileReference; explicitFileType = wrapper.framework; path = OAuthSwiftAlamofire.framework; sourceTree = BUILT_PRODUCTS_DIR; };
		BB472CFC214480B700F32AED /* KeychainAccess.framework */ = {isa = PBXFileReference; explicitFileType = wrapper.framework; path = KeychainAccess.framework; sourceTree = BUILT_PRODUCTS_DIR; };
		BB7A41EB214ED6E7009583AB /* ComposeViewController.swift */ = {isa = PBXFileReference; lastKnownFileType = sourcecode.swift; path = ComposeViewController.swift; sourceTree = "<group>"; };
		BB7A41ED214EFCF7009583AB /* DetailViewController.swift */ = {isa = PBXFileReference; lastKnownFileType = sourcecode.swift; path = DetailViewController.swift; sourceTree = "<group>"; };
		BBEC0142214DDEFB00EAB2B7 /* TweetCell.swift */ = {isa = PBXFileReference; lastKnownFileType = sourcecode.swift; path = TweetCell.swift; sourceTree = "<group>"; };
		BBFDF5D72144766000D78BAF /* User.swift */ = {isa = PBXFileReference; fileEncoding = 4; lastKnownFileType = sourcecode.swift; path = User.swift; sourceTree = "<group>"; };
		BBFDF5D92144766600D78BAF /* Tweet.swift */ = {isa = PBXFileReference; fileEncoding = 4; lastKnownFileType = sourcecode.swift; path = Tweet.swift; sourceTree = "<group>"; };
		BEBC8367211F4199003A5FE1 /* TimelineViewController.swift */ = {isa = PBXFileReference; lastKnownFileType = sourcecode.swift; path = TimelineViewController.swift; sourceTree = "<group>"; };
		C0EB287922B37C2348B2DAA3 /* Pods_TwitterUITests.framework */ = {isa = PBXFileReference; explicitFileType = wrapper.framework; includeInIndex = 0; path = Pods_TwitterUITests.framework; sourceTree = BUILT_PRODUCTS_DIR; };
		ED1AFD2D1E942B2500FD4B90 /* Twitter.app */ = {isa = PBXFileReference; explicitFileType = wrapper.application; includeInIndex = 0; path = Twitter.app; sourceTree = BUILT_PRODUCTS_DIR; };
		ED1AFD301E942B2500FD4B90 /* AppDelegate.swift */ = {isa = PBXFileReference; lastKnownFileType = sourcecode.swift; path = AppDelegate.swift; sourceTree = "<group>"; };
		ED1AFD351E942B2500FD4B90 /* Base */ = {isa = PBXFileReference; lastKnownFileType = file.storyboard; name = Base; path = Base.lproj/Main.storyboard; sourceTree = "<group>"; };
		ED1AFD371E942B2500FD4B90 /* Assets.xcassets */ = {isa = PBXFileReference; lastKnownFileType = folder.assetcatalog; path = Assets.xcassets; sourceTree = "<group>"; };
		ED1AFD3A1E942B2500FD4B90 /* Base */ = {isa = PBXFileReference; lastKnownFileType = file.storyboard; name = Base; path = Base.lproj/LaunchScreen.storyboard; sourceTree = "<group>"; };
		ED1AFD3C1E942B2500FD4B90 /* Info.plist */ = {isa = PBXFileReference; lastKnownFileType = text.plist.xml; path = Info.plist; sourceTree = "<group>"; };
		ED1AFD411E942B2500FD4B90 /* TwitterTests.xctest */ = {isa = PBXFileReference; explicitFileType = wrapper.cfbundle; includeInIndex = 0; path = TwitterTests.xctest; sourceTree = BUILT_PRODUCTS_DIR; };
		ED1AFD451E942B2500FD4B90 /* TwitterTests.swift */ = {isa = PBXFileReference; lastKnownFileType = sourcecode.swift; path = TwitterTests.swift; sourceTree = "<group>"; };
		ED1AFD471E942B2500FD4B90 /* Info.plist */ = {isa = PBXFileReference; lastKnownFileType = text.plist.xml; path = Info.plist; sourceTree = "<group>"; };
		ED1AFD4C1E942B2500FD4B90 /* TwitterUITests.xctest */ = {isa = PBXFileReference; explicitFileType = wrapper.cfbundle; includeInIndex = 0; path = TwitterUITests.xctest; sourceTree = BUILT_PRODUCTS_DIR; };
		ED1AFD501E942B2500FD4B90 /* TwitterUITests.swift */ = {isa = PBXFileReference; lastKnownFileType = sourcecode.swift; path = TwitterUITests.swift; sourceTree = "<group>"; };
		ED1AFD521E942B2500FD4B90 /* Info.plist */ = {isa = PBXFileReference; lastKnownFileType = text.plist.xml; path = Info.plist; sourceTree = "<group>"; };
		ED1AFD5E1E94421000FD4B90 /* APIManager.swift */ = {isa = PBXFileReference; fileEncoding = 4; lastKnownFileType = sourcecode.swift; path = APIManager.swift; sourceTree = "<group>"; };
		ED1AFD601E94496E00FD4B90 /* LoginViewController.swift */ = {isa = PBXFileReference; fileEncoding = 4; lastKnownFileType = sourcecode.swift; path = LoginViewController.swift; sourceTree = "<group>"; };
		EDC4B7361E98627100D836AC /* Twitter.entitlements */ = {isa = PBXFileReference; lastKnownFileType = text.plist.entitlements; path = Twitter.entitlements; sourceTree = "<group>"; };
		FB7CA3D116DA440AC6EF07FB /* Pods-TwitterTests.release.xcconfig */ = {isa = PBXFileReference; includeInIndex = 1; lastKnownFileType = text.xcconfig; name = "Pods-TwitterTests.release.xcconfig"; path = "Pods/Target Support Files/Pods-TwitterTests/Pods-TwitterTests.release.xcconfig"; sourceTree = "<group>"; };
/* End PBXFileReference section */

/* Begin PBXFrameworksBuildPhase section */
		ED1AFD2A1E942B2500FD4B90 /* Frameworks */ = {
			isa = PBXFrameworksBuildPhase;
			buildActionMask = 2147483647;
			files = (
				BB472CFD214480B700F32AED /* KeychainAccess.framework in Frameworks */,
				BB472CFB214480B300F32AED /* OAuthSwiftAlamofire.framework in Frameworks */,
				BB472CF9214480AE00F32AED /* OAuthSwift.framework in Frameworks */,
				BB472CF7214480AA00F32AED /* Alamofire.framework in Frameworks */,
				85AF57476564746262351C59 /* Pods_Twitter.framework in Frameworks */,
			);
			runOnlyForDeploymentPostprocessing = 0;
		};
		ED1AFD3E1E942B2500FD4B90 /* Frameworks */ = {
			isa = PBXFrameworksBuildPhase;
			buildActionMask = 2147483647;
			files = (
				948929AC97696A71045D3C93 /* Pods_TwitterTests.framework in Frameworks */,
			);
			runOnlyForDeploymentPostprocessing = 0;
		};
		ED1AFD491E942B2500FD4B90 /* Frameworks */ = {
			isa = PBXFrameworksBuildPhase;
			buildActionMask = 2147483647;
			files = (
				83711601429E37884BBB819D /* Pods_TwitterUITests.framework in Frameworks */,
			);
			runOnlyForDeploymentPostprocessing = 0;
		};
/* End PBXFrameworksBuildPhase section */

/* Begin PBXGroup section */
		0C189C5DFC51EB672A7108AA /* Pods */ = {
			isa = PBXGroup;
			children = (
				ABE6B61E7153DF6CCAAAC730 /* Pods-Twitter.debug.xcconfig */,
				9F0B42283B1FC32888AC8701 /* Pods-Twitter.release.xcconfig */,
				17140DA7EFEA6104FB169B9A /* Pods-TwitterTests.debug.xcconfig */,
				FB7CA3D116DA440AC6EF07FB /* Pods-TwitterTests.release.xcconfig */,
				0FB0044E8612B9B5EE681FBB /* Pods-TwitterUITests.debug.xcconfig */,
				0185AF71227FC76A6DC25135 /* Pods-TwitterUITests.release.xcconfig */,
			);
			name = Pods;
			sourceTree = "<group>";
		};
		A7EAFA57FA35C74D37A8766E /* Frameworks */ = {
			isa = PBXGroup;
			children = (
				BB472CFC214480B700F32AED /* KeychainAccess.framework */,
				BB472CFA214480B300F32AED /* OAuthSwiftAlamofire.framework */,
				BB472CF8214480AE00F32AED /* OAuthSwift.framework */,
				BB472CF6214480AA00F32AED /* Alamofire.framework */,
				001F2EB27736B82E6AF0082B /* Twitter.framework */,
				6848A9B9D8ADD26A9436A508 /* Pods_Twitter.framework */,
				7E9F217B8A9A2598DB55F4FA /* Pods_TwitterTests.framework */,
				C0EB287922B37C2348B2DAA3 /* Pods_TwitterUITests.framework */,
			);
			name = Frameworks;
			sourceTree = "<group>";
		};
		BBFDF5DB2144767600D78BAF /* Model */ = {
			isa = PBXGroup;
			children = (
				BBFDF5D92144766600D78BAF /* Tweet.swift */,
				BBFDF5D72144766000D78BAF /* User.swift */,
			);
			name = Model;
			sourceTree = "<group>";
		};
		ED1AFD241E942B2500FD4B90 = {
			isa = PBXGroup;
			children = (
				ED1AFD2F1E942B2500FD4B90 /* Twitter */,
				ED1AFD441E942B2500FD4B90 /* TwitterTests */,
				ED1AFD4F1E942B2500FD4B90 /* TwitterUITests */,
				ED1AFD2E1E942B2500FD4B90 /* Products */,
				A7EAFA57FA35C74D37A8766E /* Frameworks */,
				0C189C5DFC51EB672A7108AA /* Pods */,
			);
			sourceTree = "<group>";
		};
		ED1AFD2E1E942B2500FD4B90 /* Products */ = {
			isa = PBXGroup;
			children = (
				ED1AFD2D1E942B2500FD4B90 /* Twitter.app */,
				ED1AFD411E942B2500FD4B90 /* TwitterTests.xctest */,
				ED1AFD4C1E942B2500FD4B90 /* TwitterUITests.xctest */,
			);
			name = Products;
			sourceTree = "<group>";
		};
		ED1AFD2F1E942B2500FD4B90 /* Twitter */ = {
			isa = PBXGroup;
			children = (
				BBFDF5DB2144767600D78BAF /* Model */,
				ED1AFD341E942B2500FD4B90 /* Main.storyboard */,
				ED1D23501EF7650B00C51ACC /* API */,
				ED1D234A1EF6E3B800C51ACC /* View Controllers */,
				EDC4B7361E98627100D836AC /* Twitter.entitlements */,
				ED1AFD301E942B2500FD4B90 /* AppDelegate.swift */,
				ED1AFD371E942B2500FD4B90 /* Assets.xcassets */,
				ED1AFD391E942B2500FD4B90 /* LaunchScreen.storyboard */,
				ED1AFD3C1E942B2500FD4B90 /* Info.plist */,
			);
			path = Twitter;
			sourceTree = "<group>";
		};
		ED1AFD441E942B2500FD4B90 /* TwitterTests */ = {
			isa = PBXGroup;
			children = (
				ED1AFD451E942B2500FD4B90 /* TwitterTests.swift */,
				ED1AFD471E942B2500FD4B90 /* Info.plist */,
			);
			path = TwitterTests;
			sourceTree = "<group>";
		};
		ED1AFD4F1E942B2500FD4B90 /* TwitterUITests */ = {
			isa = PBXGroup;
			children = (
				ED1AFD501E942B2500FD4B90 /* TwitterUITests.swift */,
				ED1AFD521E942B2500FD4B90 /* Info.plist */,
			);
			path = TwitterUITests;
			sourceTree = "<group>";
		};
		ED1D234A1EF6E3B800C51ACC /* View Controllers */ = {
			isa = PBXGroup;
			children = (
				BEBC8367211F4199003A5FE1 /* TimelineViewController.swift */,
				ED1AFD601E94496E00FD4B90 /* LoginViewController.swift */,
				BBEC0142214DDEFB00EAB2B7 /* TweetCell.swift */,
				BB7A41EB214ED6E7009583AB /* ComposeViewController.swift */,
				BB7A41ED214EFCF7009583AB /* DetailViewController.swift */,
			);
			name = "View Controllers";
			sourceTree = "<group>";
		};
		ED1D23501EF7650B00C51ACC /* API */ = {
			isa = PBXGroup;
			children = (
				ED1AFD5E1E94421000FD4B90 /* APIManager.swift */,
			);
			name = API;
			sourceTree = "<group>";
		};
/* End PBXGroup section */

/* Begin PBXNativeTarget section */
		ED1AFD2C1E942B2500FD4B90 /* Twitter */ = {
			isa = PBXNativeTarget;
			buildConfigurationList = ED1AFD551E942B2500FD4B90 /* Build configuration list for PBXNativeTarget "Twitter" */;
			buildPhases = (
				51DE42261CE17DBEF19FD6DF /* [CP] Check Pods Manifest.lock */,
				ED1AFD291E942B2500FD4B90 /* Sources */,
				ED1AFD2A1E942B2500FD4B90 /* Frameworks */,
				ED1AFD2B1E942B2500FD4B90 /* Resources */,
				43E596A4D0EE4E305CE9D10A /* [CP] Embed Pods Frameworks */,
			);
			buildRules = (
			);
			dependencies = (
			);
			name = Twitter;
			productName = twitter_alamofire_demo;
			productReference = ED1AFD2D1E942B2500FD4B90 /* Twitter.app */;
			productType = "com.apple.product-type.application";
		};
		ED1AFD401E942B2500FD4B90 /* TwitterTests */ = {
			isa = PBXNativeTarget;
			buildConfigurationList = ED1AFD581E942B2500FD4B90 /* Build configuration list for PBXNativeTarget "TwitterTests" */;
			buildPhases = (
				178B197A590269765D2B2355 /* [CP] Check Pods Manifest.lock */,
				ED1AFD3D1E942B2500FD4B90 /* Sources */,
				ED1AFD3E1E942B2500FD4B90 /* Frameworks */,
				ED1AFD3F1E942B2500FD4B90 /* Resources */,
			);
			buildRules = (
			);
			dependencies = (
				ED1AFD431E942B2500FD4B90 /* PBXTargetDependency */,
			);
			name = TwitterTests;
			productName = twitter_alamofire_demoTests;
			productReference = ED1AFD411E942B2500FD4B90 /* TwitterTests.xctest */;
			productType = "com.apple.product-type.bundle.unit-test";
		};
		ED1AFD4B1E942B2500FD4B90 /* TwitterUITests */ = {
			isa = PBXNativeTarget;
			buildConfigurationList = ED1AFD5B1E942B2500FD4B90 /* Build configuration list for PBXNativeTarget "TwitterUITests" */;
			buildPhases = (
				348B3828A7C9E57FE60C24DF /* [CP] Check Pods Manifest.lock */,
				ED1AFD481E942B2500FD4B90 /* Sources */,
				ED1AFD491E942B2500FD4B90 /* Frameworks */,
				ED1AFD4A1E942B2500FD4B90 /* Resources */,
			);
			buildRules = (
			);
			dependencies = (
				ED1AFD4E1E942B2500FD4B90 /* PBXTargetDependency */,
			);
			name = TwitterUITests;
			productName = twitter_alamofire_demoUITests;
			productReference = ED1AFD4C1E942B2500FD4B90 /* TwitterUITests.xctest */;
			productType = "com.apple.product-type.bundle.ui-testing";
		};
/* End PBXNativeTarget section */

/* Begin PBXProject section */
		ED1AFD251E942B2500FD4B90 /* Project object */ = {
			isa = PBXProject;
			attributes = {
				LastSwiftUpdateCheck = 0830;
				LastUpgradeCheck = 0940;
				ORGANIZATIONNAME = "Charles Hieger";
				TargetAttributes = {
					ED1AFD2C1E942B2500FD4B90 = {
						CreatedOnToolsVersion = 8.3;
						DevelopmentTeam = CBXAQN69JX;
						ProvisioningStyle = Automatic;
						SystemCapabilities = {
							com.apple.Keychain = {
								enabled = 1;
							};
						};
					};
					ED1AFD401E942B2500FD4B90 = {
						CreatedOnToolsVersion = 8.3;
						DevelopmentTeam = CBXAQN69JX;
						ProvisioningStyle = Automatic;
						TestTargetID = ED1AFD2C1E942B2500FD4B90;
					};
					ED1AFD4B1E942B2500FD4B90 = {
						CreatedOnToolsVersion = 8.3;
						DevelopmentTeam = CBXAQN69JX;
						ProvisioningStyle = Automatic;
						TestTargetID = ED1AFD2C1E942B2500FD4B90;
					};
				};
			};
			buildConfigurationList = ED1AFD281E942B2500FD4B90 /* Build configuration list for PBXProject "Twitter" */;
			compatibilityVersion = "Xcode 3.2";
			developmentRegion = English;
			hasScannedForEncodings = 0;
			knownRegions = (
				en,
				Base,
			);
			mainGroup = ED1AFD241E942B2500FD4B90;
			productRefGroup = ED1AFD2E1E942B2500FD4B90 /* Products */;
			projectDirPath = "";
			projectRoot = "";
			targets = (
				ED1AFD2C1E942B2500FD4B90 /* Twitter */,
				ED1AFD401E942B2500FD4B90 /* TwitterTests */,
				ED1AFD4B1E942B2500FD4B90 /* TwitterUITests */,
			);
		};
/* End PBXProject section */

/* Begin PBXResourcesBuildPhase section */
		ED1AFD2B1E942B2500FD4B90 /* Resources */ = {
			isa = PBXResourcesBuildPhase;
			buildActionMask = 2147483647;
			files = (
				ED1AFD3B1E942B2500FD4B90 /* LaunchScreen.storyboard in Resources */,
				ED1AFD381E942B2500FD4B90 /* Assets.xcassets in Resources */,
				ED1AFD361E942B2500FD4B90 /* Main.storyboard in Resources */,
			);
			runOnlyForDeploymentPostprocessing = 0;
		};
		ED1AFD3F1E942B2500FD4B90 /* Resources */ = {
			isa = PBXResourcesBuildPhase;
			buildActionMask = 2147483647;
			files = (
			);
			runOnlyForDeploymentPostprocessing = 0;
		};
		ED1AFD4A1E942B2500FD4B90 /* Resources */ = {
			isa = PBXResourcesBuildPhase;
			buildActionMask = 2147483647;
			files = (
			);
			runOnlyForDeploymentPostprocessing = 0;
		};
/* End PBXResourcesBuildPhase section */

/* Begin PBXShellScriptBuildPhase section */
		178B197A590269765D2B2355 /* [CP] Check Pods Manifest.lock */ = {
			isa = PBXShellScriptBuildPhase;
			buildActionMask = 2147483647;
			files = (
			);
			inputPaths = (
				"${PODS_PODFILE_DIR_PATH}/Podfile.lock",
				"${PODS_ROOT}/Manifest.lock",
			);
			name = "[CP] Check Pods Manifest.lock";
			outputPaths = (
				"$(DERIVED_FILE_DIR)/Pods-TwitterTests-checkManifestLockResult.txt",
			);
			runOnlyForDeploymentPostprocessing = 0;
			shellPath = /bin/sh;
			shellScript = "diff \"${PODS_PODFILE_DIR_PATH}/Podfile.lock\" \"${PODS_ROOT}/Manifest.lock\" > /dev/null\nif [ $? != 0 ] ; then\n    # print error to STDERR\n    echo \"error: The sandbox is not in sync with the Podfile.lock. Run 'pod install' or update your CocoaPods installation.\" >&2\n    exit 1\nfi\n# This output is used by Xcode 'outputs' to avoid re-running this script phase.\necho \"SUCCESS\" > \"${SCRIPT_OUTPUT_FILE_0}\"\n";
			showEnvVarsInLog = 0;
		};
		348B3828A7C9E57FE60C24DF /* [CP] Check Pods Manifest.lock */ = {
			isa = PBXShellScriptBuildPhase;
			buildActionMask = 2147483647;
			files = (
			);
			inputPaths = (
				"${PODS_PODFILE_DIR_PATH}/Podfile.lock",
				"${PODS_ROOT}/Manifest.lock",
			);
			name = "[CP] Check Pods Manifest.lock";
			outputPaths = (
				"$(DERIVED_FILE_DIR)/Pods-TwitterUITests-checkManifestLockResult.txt",
			);
			runOnlyForDeploymentPostprocessing = 0;
			shellPath = /bin/sh;
			shellScript = "diff \"${PODS_PODFILE_DIR_PATH}/Podfile.lock\" \"${PODS_ROOT}/Manifest.lock\" > /dev/null\nif [ $? != 0 ] ; then\n    # print error to STDERR\n    echo \"error: The sandbox is not in sync with the Podfile.lock. Run 'pod install' or update your CocoaPods installation.\" >&2\n    exit 1\nfi\n# This output is used by Xcode 'outputs' to avoid re-running this script phase.\necho \"SUCCESS\" > \"${SCRIPT_OUTPUT_FILE_0}\"\n";
			showEnvVarsInLog = 0;
		};
		43E596A4D0EE4E305CE9D10A /* [CP] Embed Pods Frameworks */ = {
			isa = PBXShellScriptBuildPhase;
			buildActionMask = 2147483647;
			files = (
			);
			inputPaths = (
				"${SRCROOT}/Pods/Target Support Files/Pods-Twitter/Pods-Twitter-frameworks.sh",
				"${BUILT_PRODUCTS_DIR}/Alamofire/Alamofire.framework",
				"${BUILT_PRODUCTS_DIR}/AlamofireImage/AlamofireImage.framework",
				"${BUILT_PRODUCTS_DIR}/KeychainAccess/KeychainAccess.framework",
				"${BUILT_PRODUCTS_DIR}/OAuthSwift/OAuthSwift.framework",
				"${BUILT_PRODUCTS_DIR}/OAuthSwiftAlamofire/OAuthSwiftAlamofire.framework",
			);
			name = "[CP] Embed Pods Frameworks";
			outputPaths = (
				"${TARGET_BUILD_DIR}/${FRAMEWORKS_FOLDER_PATH}/Alamofire.framework",
				"${TARGET_BUILD_DIR}/${FRAMEWORKS_FOLDER_PATH}/AlamofireImage.framework",
				"${TARGET_BUILD_DIR}/${FRAMEWORKS_FOLDER_PATH}/KeychainAccess.framework",
				"${TARGET_BUILD_DIR}/${FRAMEWORKS_FOLDER_PATH}/OAuthSwift.framework",
				"${TARGET_BUILD_DIR}/${FRAMEWORKS_FOLDER_PATH}/OAuthSwiftAlamofire.framework",
			);
			runOnlyForDeploymentPostprocessing = 0;
			shellPath = /bin/sh;
			shellScript = "\"${SRCROOT}/Pods/Target Support Files/Pods-Twitter/Pods-Twitter-frameworks.sh\"\n";
			showEnvVarsInLog = 0;
		};
		51DE42261CE17DBEF19FD6DF /* [CP] Check Pods Manifest.lock */ = {
			isa = PBXShellScriptBuildPhase;
			buildActionMask = 2147483647;
			files = (
			);
			inputPaths = (
				"${PODS_PODFILE_DIR_PATH}/Podfile.lock",
				"${PODS_ROOT}/Manifest.lock",
			);
			name = "[CP] Check Pods Manifest.lock";
			outputPaths = (
				"$(DERIVED_FILE_DIR)/Pods-Twitter-checkManifestLockResult.txt",
			);
			runOnlyForDeploymentPostprocessing = 0;
			shellPath = /bin/sh;
			shellScript = "diff \"${PODS_PODFILE_DIR_PATH}/Podfile.lock\" \"${PODS_ROOT}/Manifest.lock\" > /dev/null\nif [ $? != 0 ] ; then\n    # print error to STDERR\n    echo \"error: The sandbox is not in sync with the Podfile.lock. Run 'pod install' or update your CocoaPods installation.\" >&2\n    exit 1\nfi\n# This output is used by Xcode 'outputs' to avoid re-running this script phase.\necho \"SUCCESS\" > \"${SCRIPT_OUTPUT_FILE_0}\"\n";
			showEnvVarsInLog = 0;
		};
/* End PBXShellScriptBuildPhase section */

/* Begin PBXSourcesBuildPhase section */
		ED1AFD291E942B2500FD4B90 /* Sources */ = {
			isa = PBXSourcesBuildPhase;
			buildActionMask = 2147483647;
			files = (
				ED1AFD611E94496E00FD4B90 /* LoginViewController.swift in Sources */,
				BBEC0143214DDEFB00EAB2B7 /* TweetCell.swift in Sources */,
				BB7A41EE214EFCF7009583AB /* DetailViewController.swift in Sources */,
				BEBC8368211F4199003A5FE1 /* TimelineViewController.swift in Sources */,
				BB7A41EC214ED6E7009583AB /* ComposeViewController.swift in Sources */,
				ED1AFD5F1E94421000FD4B90 /* APIManager.swift in Sources */,
				BBFDF5DA2144766700D78BAF /* Tweet.swift in Sources */,
				BBFDF5D82144766000D78BAF /* User.swift in Sources */,
				ED1AFD311E942B2500FD4B90 /* AppDelegate.swift in Sources */,
			);
			runOnlyForDeploymentPostprocessing = 0;
		};
		ED1AFD3D1E942B2500FD4B90 /* Sources */ = {
			isa = PBXSourcesBuildPhase;
			buildActionMask = 2147483647;
			files = (
				ED1AFD461E942B2500FD4B90 /* TwitterTests.swift in Sources */,
			);
			runOnlyForDeploymentPostprocessing = 0;
		};
		ED1AFD481E942B2500FD4B90 /* Sources */ = {
			isa = PBXSourcesBuildPhase;
			buildActionMask = 2147483647;
			files = (
				ED1AFD511E942B2500FD4B90 /* TwitterUITests.swift in Sources */,
			);
			runOnlyForDeploymentPostprocessing = 0;
		};
/* End PBXSourcesBuildPhase section */

/* Begin PBXTargetDependency section */
		ED1AFD431E942B2500FD4B90 /* PBXTargetDependency */ = {
			isa = PBXTargetDependency;
			target = ED1AFD2C1E942B2500FD4B90 /* Twitter */;
			targetProxy = ED1AFD421E942B2500FD4B90 /* PBXContainerItemProxy */;
		};
		ED1AFD4E1E942B2500FD4B90 /* PBXTargetDependency */ = {
			isa = PBXTargetDependency;
			target = ED1AFD2C1E942B2500FD4B90 /* Twitter */;
			targetProxy = ED1AFD4D1E942B2500FD4B90 /* PBXContainerItemProxy */;
		};
/* End PBXTargetDependency section */

/* Begin PBXVariantGroup section */
		ED1AFD341E942B2500FD4B90 /* Main.storyboard */ = {
			isa = PBXVariantGroup;
			children = (
				ED1AFD351E942B2500FD4B90 /* Base */,
			);
			name = Main.storyboard;
			sourceTree = "<group>";
		};
		ED1AFD391E942B2500FD4B90 /* LaunchScreen.storyboard */ = {
			isa = PBXVariantGroup;
			children = (
				ED1AFD3A1E942B2500FD4B90 /* Base */,
			);
			name = LaunchScreen.storyboard;
			sourceTree = "<group>";
		};
/* End PBXVariantGroup section */

/* Begin XCBuildConfiguration section */
		ED1AFD531E942B2500FD4B90 /* Debug */ = {
			isa = XCBuildConfiguration;
			buildSettings = {
				ALWAYS_SEARCH_USER_PATHS = NO;
				CLANG_ANALYZER_NONNULL = YES;
				CLANG_ANALYZER_NUMBER_OBJECT_CONVERSION = YES_AGGRESSIVE;
				CLANG_CXX_LANGUAGE_STANDARD = "gnu++0x";
				CLANG_CXX_LIBRARY = "libc++";
				CLANG_ENABLE_MODULES = YES;
				CLANG_ENABLE_OBJC_ARC = YES;
				CLANG_WARN_BLOCK_CAPTURE_AUTORELEASING = YES;
				CLANG_WARN_BOOL_CONVERSION = YES;
				CLANG_WARN_COMMA = YES;
				CLANG_WARN_CONSTANT_CONVERSION = YES;
				CLANG_WARN_DEPRECATED_OBJC_IMPLEMENTATIONS = YES;
				CLANG_WARN_DIRECT_OBJC_ISA_USAGE = YES_ERROR;
				CLANG_WARN_DOCUMENTATION_COMMENTS = YES;
				CLANG_WARN_EMPTY_BODY = YES;
				CLANG_WARN_ENUM_CONVERSION = YES;
				CLANG_WARN_INFINITE_RECURSION = YES;
				CLANG_WARN_INT_CONVERSION = YES;
				CLANG_WARN_NON_LITERAL_NULL_CONVERSION = YES;
				CLANG_WARN_OBJC_IMPLICIT_RETAIN_SELF = YES;
				CLANG_WARN_OBJC_LITERAL_CONVERSION = YES;
				CLANG_WARN_OBJC_ROOT_CLASS = YES_ERROR;
				CLANG_WARN_RANGE_LOOP_ANALYSIS = YES;
				CLANG_WARN_STRICT_PROTOTYPES = YES;
				CLANG_WARN_SUSPICIOUS_MOVE = YES;
				CLANG_WARN_UNREACHABLE_CODE = YES;
				CLANG_WARN__DUPLICATE_METHOD_MATCH = YES;
				"CODE_SIGN_IDENTITY[sdk=iphoneos*]" = "iPhone Developer";
				COPY_PHASE_STRIP = NO;
				DEBUG_INFORMATION_FORMAT = dwarf;
				ENABLE_STRICT_OBJC_MSGSEND = YES;
				ENABLE_TESTABILITY = YES;
				GCC_C_LANGUAGE_STANDARD = gnu99;
				GCC_DYNAMIC_NO_PIC = NO;
				GCC_NO_COMMON_BLOCKS = YES;
				GCC_OPTIMIZATION_LEVEL = 0;
				GCC_PREPROCESSOR_DEFINITIONS = (
					"DEBUG=1",
					"$(inherited)",
				);
				GCC_WARN_64_TO_32_BIT_CONVERSION = YES;
				GCC_WARN_ABOUT_RETURN_TYPE = YES_ERROR;
				GCC_WARN_UNDECLARED_SELECTOR = YES;
				GCC_WARN_UNINITIALIZED_AUTOS = YES_AGGRESSIVE;
				GCC_WARN_UNUSED_FUNCTION = YES;
				GCC_WARN_UNUSED_VARIABLE = YES;
				INFOPLIST_FILE = Twitter;
				IPHONEOS_DEPLOYMENT_TARGET = 10.3;
				MTL_ENABLE_DEBUG_INFO = YES;
				ONLY_ACTIVE_ARCH = YES;
				PRODUCT_NAME = Twitter;
				SDKROOT = iphoneos;
				SWIFT_ACTIVE_COMPILATION_CONDITIONS = DEBUG;
				SWIFT_OPTIMIZATION_LEVEL = "-Onone";
				TARGETED_DEVICE_FAMILY = "1,2";
			};
			name = Debug;
		};
		ED1AFD541E942B2500FD4B90 /* Release */ = {
			isa = XCBuildConfiguration;
			buildSettings = {
				ALWAYS_SEARCH_USER_PATHS = NO;
				CLANG_ANALYZER_NONNULL = YES;
				CLANG_ANALYZER_NUMBER_OBJECT_CONVERSION = YES_AGGRESSIVE;
				CLANG_CXX_LANGUAGE_STANDARD = "gnu++0x";
				CLANG_CXX_LIBRARY = "libc++";
				CLANG_ENABLE_MODULES = YES;
				CLANG_ENABLE_OBJC_ARC = YES;
				CLANG_WARN_BLOCK_CAPTURE_AUTORELEASING = YES;
				CLANG_WARN_BOOL_CONVERSION = YES;
				CLANG_WARN_COMMA = YES;
				CLANG_WARN_CONSTANT_CONVERSION = YES;
				CLANG_WARN_DEPRECATED_OBJC_IMPLEMENTATIONS = YES;
				CLANG_WARN_DIRECT_OBJC_ISA_USAGE = YES_ERROR;
				CLANG_WARN_DOCUMENTATION_COMMENTS = YES;
				CLANG_WARN_EMPTY_BODY = YES;
				CLANG_WARN_ENUM_CONVERSION = YES;
				CLANG_WARN_INFINITE_RECURSION = YES;
				CLANG_WARN_INT_CONVERSION = YES;
				CLANG_WARN_NON_LITERAL_NULL_CONVERSION = YES;
				CLANG_WARN_OBJC_IMPLICIT_RETAIN_SELF = YES;
				CLANG_WARN_OBJC_LITERAL_CONVERSION = YES;
				CLANG_WARN_OBJC_ROOT_CLASS = YES_ERROR;
				CLANG_WARN_RANGE_LOOP_ANALYSIS = YES;
				CLANG_WARN_STRICT_PROTOTYPES = YES;
				CLANG_WARN_SUSPICIOUS_MOVE = YES;
				CLANG_WARN_UNREACHABLE_CODE = YES;
				CLANG_WARN__DUPLICATE_METHOD_MATCH = YES;
				"CODE_SIGN_IDENTITY[sdk=iphoneos*]" = "iPhone Developer";
				COPY_PHASE_STRIP = NO;
				DEBUG_INFORMATION_FORMAT = "dwarf-with-dsym";
				ENABLE_NS_ASSERTIONS = NO;
				ENABLE_STRICT_OBJC_MSGSEND = YES;
				GCC_C_LANGUAGE_STANDARD = gnu99;
				GCC_NO_COMMON_BLOCKS = YES;
				GCC_WARN_64_TO_32_BIT_CONVERSION = YES;
				GCC_WARN_ABOUT_RETURN_TYPE = YES_ERROR;
				GCC_WARN_UNDECLARED_SELECTOR = YES;
				GCC_WARN_UNINITIALIZED_AUTOS = YES_AGGRESSIVE;
				GCC_WARN_UNUSED_FUNCTION = YES;
				GCC_WARN_UNUSED_VARIABLE = YES;
				INFOPLIST_FILE = Twitter;
				IPHONEOS_DEPLOYMENT_TARGET = 10.3;
				MTL_ENABLE_DEBUG_INFO = NO;
				PRODUCT_NAME = Twitter;
				SDKROOT = iphoneos;
				SWIFT_OPTIMIZATION_LEVEL = "-Owholemodule";
				TARGETED_DEVICE_FAMILY = "1,2";
				VALIDATE_PRODUCT = YES;
			};
			name = Release;
		};
		ED1AFD561E942B2500FD4B90 /* Debug */ = {
			isa = XCBuildConfiguration;
			baseConfigurationReference = ABE6B61E7153DF6CCAAAC730 /* Pods-Twitter.debug.xcconfig */;
			buildSettings = {
				ASSETCATALOG_COMPILER_APPICON_NAME = AppIcon;
				CODE_SIGN_ENTITLEMENTS = Twitter/Twitter.entitlements;
				DEVELOPMENT_TEAM = CBXAQN69JX;
				INFOPLIST_FILE = Twitter/Info.plist;
				LD_RUNPATH_SEARCH_PATHS = "$(inherited)";
				MTL_ENABLE_DEBUG_INFO = "$(inherited)";
				PODS_BUILD_DIR = "$(inherited)";
				PODS_CONFIGURATION_BUILD_DIR = "$(inherited)";
				PODS_PODFILE_DIR_PATH = "$(inherited)";
				PODS_ROOT = "$(inherited)";
				PRODUCT_BUNDLE_IDENTIFIER = com.codepath.Twitter;
				PRODUCT_NAME = "$(TARGET_NAME)";
				SWIFT_VERSION = 3.0;
			};
			name = Debug;
		};
		ED1AFD571E942B2500FD4B90 /* Release */ = {
			isa = XCBuildConfiguration;
			baseConfigurationReference = 9F0B42283B1FC32888AC8701 /* Pods-Twitter.release.xcconfig */;
			buildSettings = {
				ASSETCATALOG_COMPILER_APPICON_NAME = AppIcon;
				CODE_SIGN_ENTITLEMENTS = Twitter/Twitter.entitlements;
				DEVELOPMENT_TEAM = CBXAQN69JX;
				INFOPLIST_FILE = Twitter/Info.plist;
				LD_RUNPATH_SEARCH_PATHS = "$(inherited)";
				MTL_ENABLE_DEBUG_INFO = "$(inherited)";
				PODS_BUILD_DIR = "$(inherited)";
				PODS_CONFIGURATION_BUILD_DIR = "$(inherited)";
				PODS_PODFILE_DIR_PATH = "$(inherited)";
				PODS_ROOT = "$(inherited)";
				PRODUCT_BUNDLE_IDENTIFIER = com.codepath.Twitter;
				PRODUCT_NAME = "$(TARGET_NAME)";
				SWIFT_VERSION = 3.0;
			};
			name = Release;
		};
		ED1AFD591E942B2500FD4B90 /* Debug */ = {
			isa = XCBuildConfiguration;
			baseConfigurationReference = 17140DA7EFEA6104FB169B9A /* Pods-TwitterTests.debug.xcconfig */;
			buildSettings = {
				ALWAYS_EMBED_SWIFT_STANDARD_LIBRARIES = YES;
				BUNDLE_LOADER = "$(TEST_HOST)";
				DEVELOPMENT_TEAM = CBXAQN69JX;
				INFOPLIST_FILE = twitter_alamofire_demoTests/Info.plist;
				LD_RUNPATH_SEARCH_PATHS = "$(inherited) @executable_path/Frameworks @loader_path/Frameworks";
				PRODUCT_BUNDLE_IDENTIFIER = "com.codepath.twitter-alamofire-demoTests";
				PRODUCT_NAME = "$(TARGET_NAME)";
				SWIFT_VERSION = 3.0;
				TEST_HOST = "$(BUILT_PRODUCTS_DIR)/Twitter.app/Twitter";
			};
			name = Debug;
		};
		ED1AFD5A1E942B2500FD4B90 /* Release */ = {
			isa = XCBuildConfiguration;
			baseConfigurationReference = FB7CA3D116DA440AC6EF07FB /* Pods-TwitterTests.release.xcconfig */;
			buildSettings = {
				ALWAYS_EMBED_SWIFT_STANDARD_LIBRARIES = YES;
				BUNDLE_LOADER = "$(TEST_HOST)";
				DEVELOPMENT_TEAM = CBXAQN69JX;
				INFOPLIST_FILE = twitter_alamofire_demoTests/Info.plist;
				LD_RUNPATH_SEARCH_PATHS = "$(inherited) @executable_path/Frameworks @loader_path/Frameworks";
				PRODUCT_BUNDLE_IDENTIFIER = "com.codepath.twitter-alamofire-demoTests";
				PRODUCT_NAME = "$(TARGET_NAME)";
				SWIFT_VERSION = 3.0;
				TEST_HOST = "$(BUILT_PRODUCTS_DIR)/Twitter.app/Twitter";
			};
			name = Release;
		};
		ED1AFD5C1E942B2500FD4B90 /* Debug */ = {
			isa = XCBuildConfiguration;
			baseConfigurationReference = 0FB0044E8612B9B5EE681FBB /* Pods-TwitterUITests.debug.xcconfig */;
			buildSettings = {
				ALWAYS_EMBED_SWIFT_STANDARD_LIBRARIES = YES;
				DEVELOPMENT_TEAM = CBXAQN69JX;
				INFOPLIST_FILE = twitter_alamofire_demoUITests/Info.plist;
				LD_RUNPATH_SEARCH_PATHS = "$(inherited) @executable_path/Frameworks @loader_path/Frameworks";
				PRODUCT_BUNDLE_IDENTIFIER = "com.codepath.twitter-alamofire-demoUITests";
				PRODUCT_NAME = "$(TARGET_NAME)";
				SWIFT_VERSION = 3.0;
				TEST_TARGET_NAME = twitter_alamofire_demo;
			};
			name = Debug;
		};
		ED1AFD5D1E942B2500FD4B90 /* Release */ = {
			isa = XCBuildConfiguration;
			baseConfigurationReference = 0185AF71227FC76A6DC25135 /* Pods-TwitterUITests.release.xcconfig */;
			buildSettings = {
				ALWAYS_EMBED_SWIFT_STANDARD_LIBRARIES = YES;
				DEVELOPMENT_TEAM = CBXAQN69JX;
				INFOPLIST_FILE = twitter_alamofire_demoUITests/Info.plist;
				LD_RUNPATH_SEARCH_PATHS = "$(inherited) @executable_path/Frameworks @loader_path/Frameworks";
				PRODUCT_BUNDLE_IDENTIFIER = "com.codepath.twitter-alamofire-demoUITests";
				PRODUCT_NAME = "$(TARGET_NAME)";
				SWIFT_VERSION = 3.0;
				TEST_TARGET_NAME = twitter_alamofire_demo;
			};
			name = Release;
		};
/* End XCBuildConfiguration section */

/* Begin XCConfigurationList section */
		ED1AFD281E942B2500FD4B90 /* Build configuration list for PBXProject "Twitter" */ = {
			isa = XCConfigurationList;
			buildConfigurations = (
				ED1AFD531E942B2500FD4B90 /* Debug */,
				ED1AFD541E942B2500FD4B90 /* Release */,
			);
			defaultConfigurationIsVisible = 0;
			defaultConfigurationName = Release;
		};
		ED1AFD551E942B2500FD4B90 /* Build configuration list for PBXNativeTarget "Twitter" */ = {
			isa = XCConfigurationList;
			buildConfigurations = (
				ED1AFD561E942B2500FD4B90 /* Debug */,
				ED1AFD571E942B2500FD4B90 /* Release */,
			);
			defaultConfigurationIsVisible = 0;
			defaultConfigurationName = Release;
		};
		ED1AFD581E942B2500FD4B90 /* Build configuration list for PBXNativeTarget "TwitterTests" */ = {
			isa = XCConfigurationList;
			buildConfigurations = (
				ED1AFD591E942B2500FD4B90 /* Debug */,
				ED1AFD5A1E942B2500FD4B90 /* Release */,
			);
			defaultConfigurationIsVisible = 0;
			defaultConfigurationName = Release;
		};
		ED1AFD5B1E942B2500FD4B90 /* Build configuration list for PBXNativeTarget "TwitterUITests" */ = {
			isa = XCConfigurationList;
			buildConfigurations = (
				ED1AFD5C1E942B2500FD4B90 /* Debug */,
				ED1AFD5D1E942B2500FD4B90 /* Release */,
			);
			defaultConfigurationIsVisible = 0;
			defaultConfigurationName = Release;
		};
/* End XCConfigurationList section */
	};
	rootObject = ED1AFD251E942B2500FD4B90 /* Project object */;
}
